
Microsoft Visual Studio Solution File, Format Version 12.00
# Visual Studio Version 17
VisualStudioVersion = 17.10.34928.147
MinimumVisualStudioVersion = 10.0.40219.1
Project("{2150E333-8FDC-42A3-9474-1A3956D46DE8}") = "BusinessLogic", "BusinessLogic", "{46A2024A-777B-44AB-AD04-8F0C61D85E54}"
EndProject
Project("{9A19103F-16F7-4668-BE54-9A1E7A4F7556}") = "BusinessLogic.core", "src\Backend\src\BusinessLogic.core\BusinessLogic.core.csproj", "{1773AE42-D992-4AEF-86F0-4A9889A38993}"
EndProject
Project("{2150E333-8FDC-42A3-9474-1A3956D46DE8}") = "DataAccess", "DataAccess", "{E0F35934-0EA7-4C88-BF69-06998C98EDAB}"
EndProject
Project("{2150E333-8FDC-42A3-9474-1A3956D46DE8}") = "FrontEnd", "FrontEnd", "{0FE703AB-7669-4F3B-A43A-C1C2BEA32FB6}"
EndProject
Project("{9A19103F-16F7-4668-BE54-9A1E7A4F7556}") = "Presentation.web", "src\Frontend\src\Presentation.web\Presentation.web.csproj", "{B2F7EE5F-19FC-420E-AF57-C9197C9AE8D7}"
EndProject
Project("{9A19103F-16F7-4668-BE54-9A1E7A4F7556}") = "DataAccess.Abstractions", "src\Backend\src\DataAccess.Abstractions\DataAccess.Abstractions.csproj", "{EDBD9B6E-AB65-4CB3-9E81-1D692E6F3119}"
EndProject
Project("{9A19103F-16F7-4668-BE54-9A1E7A4F7556}") = "DataAccess.SqlServer", "src\Backend\src\DataAccess.SqlServer\DataAccess.SqlServer.csproj", "{119279FC-602B-4293-8D8B-F49C363B8E1C}"
EndProject
Project("{2150E333-8FDC-42A3-9474-1A3956D46DE8}") = "BackEnd", "BackEnd", "{1B576C7B-E1E8-4F80-9220-924DF639D6AD}"
EndProject
Project("{2150E333-8FDC-42A3-9474-1A3956D46DE8}") = "Shared", "Shared", "{608664DC-6A3A-48BB-8E62-8A2AF990D365}"
EndProject
Project("{2150E333-8FDC-42A3-9474-1A3956D46DE8}") = "src", "src", "{A3812B4E-11E4-4B49-B453-7FE1F1864A42}"
EndProject
Project("{2150E333-8FDC-42A3-9474-1A3956D46DE8}") = "test", "test", "{DEDB6ABD-75BA-4BF1-A7CC-7A905B0C3934}"
EndProject
Project("{2150E333-8FDC-42A3-9474-1A3956D46DE8}") = "src", "src", "{5E52B727-F2E5-4E02-BF26-A58176319434}"
EndProject
Project("{2150E333-8FDC-42A3-9474-1A3956D46DE8}") = "test", "test", "{331C79D9-06B9-402B-8294-1FD7C90F1C97}"
EndProject
Project("{9A19103F-16F7-4668-BE54-9A1E7A4F7556}") = "DTOs", "src\Shared\DTOs\DTOs.csproj", "{015A91E4-543C-4D28-9AF3-C44802C54E52}"
EndProject
Global
	GlobalSection(SolutionConfigurationPlatforms) = preSolution
		Debug|Any CPU = Debug|Any CPU
		Release|Any CPU = Release|Any CPU
	EndGlobalSection
	GlobalSection(ProjectConfigurationPlatforms) = postSolution
		{1773AE42-D992-4AEF-86F0-4A9889A38993}.Debug|Any CPU.ActiveCfg = Debug|Any CPU
		{1773AE42-D992-4AEF-86F0-4A9889A38993}.Debug|Any CPU.Build.0 = Debug|Any CPU
		{1773AE42-D992-4AEF-86F0-4A9889A38993}.Release|Any CPU.ActiveCfg = Release|Any CPU
		{1773AE42-D992-4AEF-86F0-4A9889A38993}.Release|Any CPU.Build.0 = Release|Any CPU
		{B2F7EE5F-19FC-420E-AF57-C9197C9AE8D7}.Debug|Any CPU.ActiveCfg = Debug|Any CPU
		{B2F7EE5F-19FC-420E-AF57-C9197C9AE8D7}.Debug|Any CPU.Build.0 = Debug|Any CPU
		{B2F7EE5F-19FC-420E-AF57-C9197C9AE8D7}.Release|Any CPU.ActiveCfg = Release|Any CPU
		{B2F7EE5F-19FC-420E-AF57-C9197C9AE8D7}.Release|Any CPU.Build.0 = Release|Any CPU
		{EDBD9B6E-AB65-4CB3-9E81-1D692E6F3119}.Debug|Any CPU.ActiveCfg = Debug|Any CPU
		{EDBD9B6E-AB65-4CB3-9E81-1D692E6F3119}.Debug|Any CPU.Build.0 = Debug|Any CPU
		{EDBD9B6E-AB65-4CB3-9E81-1D692E6F3119}.Release|Any CPU.ActiveCfg = Release|Any CPU
		{EDBD9B6E-AB65-4CB3-9E81-1D692E6F3119}.Release|Any CPU.Build.0 = Release|Any CPU
		{119279FC-602B-4293-8D8B-F49C363B8E1C}.Debug|Any CPU.ActiveCfg = Debug|Any CPU
		{119279FC-602B-4293-8D8B-F49C363B8E1C}.Debug|Any CPU.Build.0 = Debug|Any CPU
		{119279FC-602B-4293-8D8B-F49C363B8E1C}.Release|Any CPU.ActiveCfg = Release|Any CPU
		{119279FC-602B-4293-8D8B-F49C363B8E1C}.Release|Any CPU.Build.0 = Release|Any CPU
		{015A91E4-543C-4D28-9AF3-C44802C54E52}.Debug|Any CPU.ActiveCfg = Debug|Any CPU
		{015A91E4-543C-4D28-9AF3-C44802C54E52}.Debug|Any CPU.Build.0 = Debug|Any CPU
		{015A91E4-543C-4D28-9AF3-C44802C54E52}.Release|Any CPU.ActiveCfg = Release|Any CPU
		{015A91E4-543C-4D28-9AF3-C44802C54E52}.Release|Any CPU.Build.0 = Release|Any CPU
	EndGlobalSection
	GlobalSection(SolutionProperties) = preSolution
		HideSolutionNode = FALSE
	EndGlobalSection
	GlobalSection(NestedProjects) = preSolution
		{46A2024A-777B-44AB-AD04-8F0C61D85E54} = {A3812B4E-11E4-4B49-B453-7FE1F1864A42}
		{1773AE42-D992-4AEF-86F0-4A9889A38993} = {46A2024A-777B-44AB-AD04-8F0C61D85E54}
		{E0F35934-0EA7-4C88-BF69-06998C98EDAB} = {A3812B4E-11E4-4B49-B453-7FE1F1864A42}
		{B2F7EE5F-19FC-420E-AF57-C9197C9AE8D7} = {5E52B727-F2E5-4E02-BF26-A58176319434}
		{EDBD9B6E-AB65-4CB3-9E81-1D692E6F3119} = {E0F35934-0EA7-4C88-BF69-06998C98EDAB}
		{119279FC-602B-4293-8D8B-F49C363B8E1C} = {E0F35934-0EA7-4C88-BF69-06998C98EDAB}
		{A3812B4E-11E4-4B49-B453-7FE1F1864A42} = {1B576C7B-E1E8-4F80-9220-924DF639D6AD}
		{DEDB6ABD-75BA-4BF1-A7CC-7A905B0C3934} = {1B576C7B-E1E8-4F80-9220-924DF639D6AD}
		{5E52B727-F2E5-4E02-BF26-A58176319434} = {0FE703AB-7669-4F3B-A43A-C1C2BEA32FB6}
		{331C79D9-06B9-402B-8294-1FD7C90F1C97} = {0FE703AB-7669-4F3B-A43A-C1C2BEA32FB6}
		{015A91E4-543C-4D28-9AF3-C44802C54E52} = {608664DC-6A3A-48BB-8E62-8A2AF990D365}
	EndGlobalSection
	GlobalSection(ExtensibilityGlobals) = postSolution
		SolutionGuid = {511D329C-6234-4263-AF5D-5F6F179DAD7B}
	EndGlobalSection
EndGlobal
